{
  "version": 4,
  "terraform_version": "1.8.5",
  "serial": 14,
  "lineage": "81b5e06c-c232-b50c-ea20-487ba1f1774f",
  "outputs": {},
  "resources": [
    {
      "mode": "managed",
      "type": "aws_elastic_beanstalk_application",
      "name": "my_app",
      "provider": "provider[\"registry.terraform.io/hashicorp/aws\"]",
      "instances": [
        {
          "schema_version": 0,
          "attributes": {
            "appversion_lifecycle": [],
            "arn": "arn:aws:elasticbeanstalk:us-west-2:767398056454:application/my-app",
            "description": "My Elastic Beanstalk Application",
            "id": "my-app",
            "name": "my-app",
            "tags": {},
            "tags_all": {}
          },
          "sensitive_attributes": [],
          "private": "bnVsbA=="
        }
      ]
    }
  ],
  "check_results": null
}
